
Microsoft Visual Studio Solution File, Format Version 10.00
# Visual C# Express 2008
Project("{FAE04EC0-301F-11D3-BF4B-00C04F79EFBC}") = "ServiceManager", "ServiceManager\ServiceManager.csproj", "{32EA4E4C-838B-4C01-94A4-2D3A8160DF42}"
EndProject
Global
	GlobalSection(SolutionConfigurationPlatforms) = preSolution
		Debug|Any CPU = Debug|Any CPU
		Release|Any CPU = Release|Any CPU
	EndGlobalSection
	GlobalSection(ProjectConfigurationPlatforms) = postSolution
		{32EA4E4C-838B-4C01-94A4-2D3A8160DF42}.Debug|Any CPU.ActiveCfg = Debug|Any CPU
		{32EA4E4C-838B-4C01-94A4-2D3A8160DF42}.Debug|Any CPU.Build.0 = Debug|Any CPU
		{32EA4E4C-838B-4C01-94A4-2D3A8160DF42}.Release|Any CPU.ActiveCfg = Release|Any CPU
		{32EA4E4C-838B-4C01-94A4-2D3A8160DF42}.Release|Any CPU.Build.0 = Release|Any CPU
	EndGlobalSection
	GlobalSection(SolutionProperties) = preSolution
		HideSolutionNode = FALSE
	EndGlobalSection
EndGlobal
